<?xml version="1.0" encoding="utf-8"?>
<Project ToolsVersion="4.0" xmlns="http://schemas.microsoft.com/developer/msbuild/2003">
  <ItemGroup>
    <Filter Include="Source Files">
      <UniqueIdentifier>{4FC737F1-C7A5-4376-A066-2A32D752A2FF}</UniqueIdentifier>
      <Extensions>cpp;c;cc;cxx;c++;def;odl;idl;hpj;bat;asm;asmx</Extensions>
    </Filter>
    <Filter Include="Header Files">
      <UniqueIdentifier>{93995380-89BD-4b04-88EB-625FBE52EBFB}</UniqueIdentifier>
      <Extensions>h;hh;hpp;hxx;h++;hm;inl;inc;ipp;xsd</Extensions>
    </Filter>
    <Filter Include="Resource Files">
      <UniqueIdentifier>{67DA6AB6-F800-4c08-8B7A-83BB121AAD01}</UniqueIdentifier>
      <Extensions>rc;ico;cur;bmp;dlg;rc2;rct;bin;rgs;gif;jpg;jpeg;jpe;resx;tiff;tif;png;wav;mfcribbon-ms</Extensions>
    </Filter>
    <Filter Include="Entities">
      <UniqueIdentifier>{192dd726-a9e1-4139-acee-acb293e25b7e}</UniqueIdentifier>
    </Filter>
    <Filter Include="Primitives">
      <UniqueIdentifier>{31899e35-06ce-4cd0-b34d-47873fbc792a}</UniqueIdentifier>
    </Filter>
  </ItemGroup>
  <ItemGroup>
    <ClCompile Include="Progetto2D.cpp">
      <Filter>Source Files</Filter>
    </ClCompile>
    <ClCompile Include="ShaderMaker.cpp">
      <Filter>Source Files</Filter>
    </ClCompile>
    <ClCompile Include="World.cpp">
      <Filter>Source Files</Filter>
    </ClCompile>
    <ClCompile Include="Entities\BaseEntity.cpp">
      <Filter>Entities</Filter>
    </ClCompile>
    <ClCompile Include="Builders.cpp">
      <Filter>Source Files</Filter>
    </ClCompile>
    <ClCompile Include="Entities\Eyeball.cpp">
      <Filter>Entities</Filter>
    </ClCompile>
    <ClCompile Include="Entities\Hat.cpp">
      <Filter>Entities</Filter>
    </ClCompile>
    <ClCompile Include="Entities\Patapon.cpp">
      <Filter>Entities</Filter>
    </ClCompile>
    <ClCompile Include="Entities\Leg.cpp">
      <Filter>Entities</Filter>
    </ClCompile>
    <ClCompile Include="Headers\QuadBuilder.h">
      <Filter>Header Files</Filter>
    </ClCompile>
    <ClCompile Include="Arm.cpp">
      <Filter>Entities</Filter>
    </ClCompile>
    <ClCompile Include="Primitives\BasePrimitive.cpp">
      <Filter>Primitives</Filter>
    </ClCompile>
    <ClCompile Include="Primitives\Circle.cpp">
      <Filter>Primitives</Filter>
    </ClCompile>
    <ClCompile Include="Primitives\Line.cpp">
      <Filter>Primitives</Filter>
    </ClCompile>
    <ClCompile Include="Primitives\Quad.cpp">
      <Filter>Primitives</Filter>
    </ClCompile>
    <ClCompile Include="Primitives\Triangle.cpp">
      <Filter>Primitives</Filter>
    </ClCompile>
    <ClCompile Include="common.cpp">
      <Filter>Source Files</Filter>
    </ClCompile>
    <ClCompile Include="Entities\Key.cpp">
      <Filter>Entities</Filter>
    </ClCompile>
    <ClCompile Include="Entities\ActivationBox.cpp">
      <Filter>Entities</Filter>
    </ClCompile>
    <ClCompile Include="Entities\Background.cpp">
      <Filter>Entities</Filter>
    </ClCompile>
    <ClCompile Include="EntityBuilders.cpp">
      <Filter>Source Files</Filter>
    </ClCompile>
  </ItemGroup>
  <ItemGroup>
    <ClInclude Include="Headers\Lib.h">
      <Filter>Header Files</Filter>
    </ClInclude>
    <ClInclude Include="Headers\ShaderMaker.h">
      <Filter>Header Files</Filter>
    </ClInclude>
    <ClInclude Include="Headers\IEntity.h">
      <Filter>Header Files</Filter>
    </ClInclude>
    <ClInclude Include="Headers\EntitiesKey.h">
      <Filter>Header Files</Filter>
    </ClInclude>
    <ClInclude Include="Headers\common.h">
      <Filter>Header Files</Filter>
    </ClInclude>
    <ClInclude Include="headers\Triangle.h">
      <Filter>Header Files</Filter>
    </ClInclude>
    <ClInclude Include="headers\ShaderKey.h">
      <Filter>Header Files</Filter>
    </ClInclude>
    <ClInclude Include="headers\World.h">
      <Filter>Header Files</Filter>
    </ClInclude>
    <ClInclude Include="headers\HashCombine.h">
      <Filter>Header Files</Filter>
    </ClInclude>
    <ClInclude Include="Headers\Circle.h">
      <Filter>Header Files</Filter>
    </ClInclude>
    <ClInclude Include="Headers\CircleBuilder.h">
      <Filter>Header Files</Filter>
    </ClInclude>
    <ClInclude Include="Headers\Line.h">
      <Filter>Header Files</Filter>
    </ClInclude>
    <ClInclude Include="Headers\LineBuilder.h">
      <Filter>Header Files</Filter>
    </ClInclude>
    <ClInclude Include="Headers\Eyeball.h">
      <Filter>Header Files</Filter>
    </ClInclude>
    <ClInclude Include="Headers\Hat.h">
      <Filter>Header Files</Filter>
    </ClInclude>
    <ClInclude Include="Headers\Patapon.h">
      <Filter>Header Files</Filter>
    </ClInclude>
    <ClInclude Include="Headers\Leg.h">
      <Filter>Header Files</Filter>
    </ClInclude>
    <ClInclude Include="Headers\Quad.h">
      <Filter>Header Files</Filter>
    </ClInclude>
    <ClInclude Include="Headers\TriangleBuilder.h">
      <Filter>Header Files</Filter>
    </ClInclude>
    <ClInclude Include="Headers\Arm.h">
      <Filter>Header Files</Filter>
    </ClInclude>
    <ClInclude Include="Headers\Primitive.h">
      <Filter>Header Files</Filter>
    </ClInclude>
    <ClInclude Include="Headers\PrimitiveBuilder.h">
      <Filter>Header Files</Filter>
    </ClInclude>
    <ClInclude Include="Headers\Key.h">
      <Filter>Header Files</Filter>
    </ClInclude>
    <ClInclude Include="Headers\Background.h">
      <Filter>Header Files</Filter>
    </ClInclude>
    <ClInclude Include="Headers\ActivationBox.h">
      <Filter>Header Files</Filter>
    </ClInclude>
    <ClInclude Include="Headers\EntityBuilder.h">
      <Filter>Header Files</Filter>
    </ClInclude>
    <ClInclude Include="Headers\ABoxBuilder.h">
      <Filter>Header Files</Filter>
    </ClInclude>
    <ClInclude Include="Headers\ArmBuilder.h">
      <Filter>Header Files</Filter>
    </ClInclude>
    <ClInclude Include="Headers\BgBuilder.h">
      <Filter>Header Files</Filter>
    </ClInclude>
    <ClInclude Include="Headers\EyeballBuilder.h">
      <Filter>Header Files</Filter>
    </ClInclude>
    <ClInclude Include="Headers\HatBuilder.h">
      <Filter>Header Files</Filter>
    </ClInclude>
    <ClInclude Include="Headers\KeyBuilder.h">
      <Filter>Header Files</Filter>
    </ClInclude>
    <ClInclude Include="Headers\LegBuilder.h">
      <Filter>Header Files</Filter>
    </ClInclude>
    <ClInclude Include="Headers\PataponBuilder.h">
      <Filter>Header Files</Filter>
    </ClInclude>
  </ItemGroup>
  <ItemGroup>
    <None Include="packages.config" />
  </ItemGroup>
</Project>